
Microsoft Visual Studio Solution File, Format Version 12.00
# Visual Studio 15
VisualStudioVersion = 15.0.27703.2026
MinimumVisualStudioVersion = 10.0.40219.1
Project("{FAE04EC0-301F-11D3-BF4B-00C04F79EFBC}") = "EncounterSimulator", "EncounterSimulator\EncounterSimulator.csproj", "{DC469B66-9E45-44E4-82D6-C0F396D60796}"
EndProject
Global
	GlobalSection(SolutionConfigurationPlatforms) = preSolution
		Debug|Any CPU = Debug|Any CPU
		Release|Any CPU = Release|Any CPU
	EndGlobalSection
	GlobalSection(ProjectConfigurationPlatforms) = postSolution
		{DC469B66-9E45-44E4-82D6-C0F396D60796}.Debug|Any CPU.ActiveCfg = Debug|Any CPU
		{DC469B66-9E45-44E4-82D6-C0F396D60796}.Debug|Any CPU.Build.0 = Debug|Any CPU
		{DC469B66-9E45-44E4-82D6-C0F396D60796}.Release|Any CPU.ActiveCfg = Release|Any CPU
		{DC469B66-9E45-44E4-82D6-C0F396D60796}.Release|Any CPU.Build.0 = Release|Any CPU
	EndGlobalSection
	GlobalSection(SolutionProperties) = preSolution
		HideSolutionNode = FALSE
	EndGlobalSection
	GlobalSection(ExtensibilityGlobals) = postSolution
		SolutionGuid = {AF1CCA62-04B7-4EC6-83C5-DE746FADB709}
	EndGlobalSection
EndGlobal
